
Microsoft Visual Studio Solution File, Format Version 12.00
# Visual Studio 15
VisualStudioVersion = 15.0.27004.2005
MinimumVisualStudioVersion = 10.0.40219.1
Project("{FAE04EC0-301F-11D3-BF4B-00C04F79EFBC}") = "HmacAuthentication", "HmacAuthentication\HmacAuthentication.csproj", "{58269A21-74B7-4CF6-92E0-D0EC060F784C}"
EndProject
Global
	GlobalSection(SolutionConfigurationPlatforms) = preSolution
		Debug|Any CPU = Debug|Any CPU
		Release|Any CPU = Release|Any CPU
	EndGlobalSection
	GlobalSection(ProjectConfigurationPlatforms) = postSolution
		{58269A21-74B7-4CF6-92E0-D0EC060F784C}.Debug|Any CPU.ActiveCfg = Debug|Any CPU
		{58269A21-74B7-4CF6-92E0-D0EC060F784C}.Debug|Any CPU.Build.0 = Debug|Any CPU
		{58269A21-74B7-4CF6-92E0-D0EC060F784C}.Release|Any CPU.ActiveCfg = Release|Any CPU
		{58269A21-74B7-4CF6-92E0-D0EC060F784C}.Release|Any CPU.Build.0 = Release|Any CPU
	EndGlobalSection
	GlobalSection(SolutionProperties) = preSolution
		HideSolutionNode = FALSE
	EndGlobalSection
	GlobalSection(ExtensibilityGlobals) = postSolution
		SolutionGuid = {052E85A3-DACB-4BC7-8D1B-EB3DF3AB0D1E}
	EndGlobalSection
EndGlobal
